
Microsoft Visual Studio Solution File, Format Version 12.00
# Visual Studio Version 17
VisualStudioVersion = 17.5.33502.453
MinimumVisualStudioVersion = 10.0.40219.1
Project("{FAE04EC0-301F-11D3-BF4B-00C04F79EFBC}") = "TP3", "TP3\TP3.csproj", "{BDEAE57E-2B11-4D5B-814C-4E228B3B4E96}"
EndProject
Global
	GlobalSection(SolutionConfigurationPlatforms) = preSolution
		Debug|Any CPU = Debug|Any CPU
		Release|Any CPU = Release|Any CPU
	EndGlobalSection
	GlobalSection(ProjectConfigurationPlatforms) = postSolution
		{BDEAE57E-2B11-4D5B-814C-4E228B3B4E96}.Debug|Any CPU.ActiveCfg = Debug|Any CPU
		{BDEAE57E-2B11-4D5B-814C-4E228B3B4E96}.Debug|Any CPU.Build.0 = Debug|Any CPU
		{BDEAE57E-2B11-4D5B-814C-4E228B3B4E96}.Release|Any CPU.ActiveCfg = Release|Any CPU
		{BDEAE57E-2B11-4D5B-814C-4E228B3B4E96}.Release|Any CPU.Build.0 = Release|Any CPU
	EndGlobalSection
	GlobalSection(SolutionProperties) = preSolution
		HideSolutionNode = FALSE
	EndGlobalSection
	GlobalSection(ExtensibilityGlobals) = postSolution
		SolutionGuid = {AE6E67B5-9827-4FAF-9329-FA46B6A8874F}
	EndGlobalSection
EndGlobal
