
Microsoft Visual Studio Solution File, Format Version 12.00
# Visual Studio Version 17
VisualStudioVersion = 17.5.33502.453
MinimumVisualStudioVersion = 10.0.40219.1
Project("{FAE04EC0-301F-11D3-BF4B-00C04F79EFBC}") = "TP6", "TP6\TP6.csproj", "{9B9E565D-D89C-4015-BAA2-10729EA11950}"
EndProject
Global
	GlobalSection(SolutionConfigurationPlatforms) = preSolution
		Debug|Any CPU = Debug|Any CPU
		Release|Any CPU = Release|Any CPU
	EndGlobalSection
	GlobalSection(ProjectConfigurationPlatforms) = postSolution
		{9B9E565D-D89C-4015-BAA2-10729EA11950}.Debug|Any CPU.ActiveCfg = Debug|Any CPU
		{9B9E565D-D89C-4015-BAA2-10729EA11950}.Debug|Any CPU.Build.0 = Debug|Any CPU
		{9B9E565D-D89C-4015-BAA2-10729EA11950}.Release|Any CPU.ActiveCfg = Release|Any CPU
		{9B9E565D-D89C-4015-BAA2-10729EA11950}.Release|Any CPU.Build.0 = Release|Any CPU
	EndGlobalSection
	GlobalSection(SolutionProperties) = preSolution
		HideSolutionNode = FALSE
	EndGlobalSection
	GlobalSection(ExtensibilityGlobals) = postSolution
		SolutionGuid = {828E3F31-4398-4860-B540-F280C7B1ACDC}
	EndGlobalSection
EndGlobal
